
Microsoft Visual Studio Solution File, Format Version 12.00
# Visual Studio 15
VisualStudioVersion = 15.0.28307.421
MinimumVisualStudioVersion = 10.0.40219.1
Project("{8BC9CEB8-8B4A-11D0-8D11-00A0C91BC942}") = "WinSockServer", "WinSockServer\WinSockServer.vcxproj", "{E3B1BDC7-EBAB-4DEF-B394-B28FF2C80BAA}"
EndProject
Global
	GlobalSection(SolutionConfigurationPlatforms) = preSolution
		Debug|x64 = Debug|x64
		Debug|x86 = Debug|x86
		Release|x64 = Release|x64
		Release|x86 = Release|x86
	EndGlobalSection
	GlobalSection(ProjectConfigurationPlatforms) = postSolution
		{E3B1BDC7-EBAB-4DEF-B394-B28FF2C80BAA}.Debug|x64.ActiveCfg = Debug|x64
		{E3B1BDC7-EBAB-4DEF-B394-B28FF2C80BAA}.Debug|x64.Build.0 = Debug|x64
		{E3B1BDC7-EBAB-4DEF-B394-B28FF2C80BAA}.Debug|x86.ActiveCfg = Debug|Win32
		{E3B1BDC7-EBAB-4DEF-B394-B28FF2C80BAA}.Debug|x86.Build.0 = Debug|Win32
		{E3B1BDC7-EBAB-4DEF-B394-B28FF2C80BAA}.Release|x64.ActiveCfg = Release|x64
		{E3B1BDC7-EBAB-4DEF-B394-B28FF2C80BAA}.Release|x64.Build.0 = Release|x64
		{E3B1BDC7-EBAB-4DEF-B394-B28FF2C80BAA}.Release|x86.ActiveCfg = Release|Win32
		{E3B1BDC7-EBAB-4DEF-B394-B28FF2C80BAA}.Release|x86.Build.0 = Release|Win32
	EndGlobalSection
	GlobalSection(SolutionProperties) = preSolution
		HideSolutionNode = FALSE
	EndGlobalSection
	GlobalSection(ExtensibilityGlobals) = postSolution
		SolutionGuid = {2339E681-83E6-4F81-B7B8-90637F2408A0}
	EndGlobalSection
EndGlobal
